// !$*UTF8*$!
{
	archiveVersion = 1;
	classes = {
	};
	objectVersion = 54;
	objects = {

/* Begin PBXBuildFile section */
		00E356F31AD99517003FC87E /* GoodNeighborTests.m in Sources */ = {isa = PBXBuildFile; fileRef = 00E356F21AD99517003FC87E /* GoodNeighborTests.m */; };
		0C80B921A6F3F58F76C31292 /* libPods-GoodNeighbor.a in Frameworks */ = {isa = PBXBuildFile; fileRef = 5DCACB8F33CDC322A6C60F78 /* libPods-GoodNeighbor.a */; };
		13B07FBC1A68108700A75B9A /* AppDelegate.mm in Sources */ = {isa = PBXBuildFile; fileRef = 13B07FB01A68108700A75B9A /* AppDelegate.mm */; };
		13B07FBF1A68108700A75B9A /* Images.xcassets in Resources */ = {isa = PBXBuildFile; fileRef = 13B07FB51A68108700A75B9A /* Images.xcassets */; };
		13B07FC11A68108700A75B9A /* main.m in Sources */ = {isa = PBXBuildFile; fileRef = 13B07FB71A68108700A75B9A /* main.m */; };
		7699B88040F8A987B510C191 /* libPods-GoodNeighbor-GoodNeighborTests.a in Frameworks */ = {isa = PBXBuildFile; fileRef = 19F6CBCC0A4E27FBF8BF4A61 /* libPods-GoodNeighbor-GoodNeighborTests.a */; };
		81AB9BB82411601600AC10FF /* LaunchScreen.storyboard in Resources */ = {isa = PBXBuildFile; fileRef = 81AB9BB72411601600AC10FF /* LaunchScreen.storyboard */; };
		CAA0070E12864B9BB7535320 /* Sriracha-Regular.ttf in Resources */ = {isa = PBXBuildFile; fileRef = C732679E0F5F43E98005A2B9 /* Sriracha-Regular.ttf */; };
		BAC359F909784653994037DE /* OpenSans-Bold.ttf in Resources */ = {isa = PBXBuildFile; fileRef = A1A9A016A3684C368E39BA73 /* OpenSans-Bold.ttf */; };
		36C50878F8BB4EB69F076ED1 /* OpenSans-Regular.ttf in Resources */ = {isa = PBXBuildFile; fileRef = FE791027674B449497D53FC9 /* OpenSans-Regular.ttf */; };
		36484A5AB0F64E06A6C66E91 /* Poppins-Regular.ttf in Resources */ = {isa = PBXBuildFile; fileRef = 5A2DBD62CE384E90A2A7522B /* Poppins-Regular.ttf */; };
		D28FA78CDA9A424BBDF943B8 /* Poppins-Black.ttf in Resources */ = {isa = PBXBuildFile; fileRef = 829E48A44E0F47DFBF23ECB1 /* Poppins-Black.ttf */; };
		54788A9EFFEE4F02BE30EB9D /* Poppins-BlackItalic.ttf in Resources */ = {isa = PBXBuildFile; fileRef = C8697767E0A94F9F93A8D4FA /* Poppins-BlackItalic.ttf */; };
		9029DCDAAFCB45A88A4604EE /* Poppins-Bold.ttf in Resources */ = {isa = PBXBuildFile; fileRef = 8E1C84E0D86540ADBF4EC407 /* Poppins-Bold.ttf */; };
		4A0F0B868326486EB01C7FD6 /* Poppins-BoldItalic.ttf in Resources */ = {isa = PBXBuildFile; fileRef = 023BD65A696B4F0EB044A9A1 /* Poppins-BoldItalic.ttf */; };
		F00A7EB66ABE4EDEB8C52745 /* Poppins-ExtraBold.ttf in Resources */ = {isa = PBXBuildFile; fileRef = EDE980A6A3CE414AB68B2378 /* Poppins-ExtraBold.ttf */; };
		BE4F042DE77B45A6B8426CD6 /* Poppins-ExtraBoldItalic.ttf in Resources */ = {isa = PBXBuildFile; fileRef = 153C20F749BA4D44B68529F8 /* Poppins-ExtraBoldItalic.ttf */; };
		01A83B3453B34F0E8905A119 /* Poppins-ExtraLight.ttf in Resources */ = {isa = PBXBuildFile; fileRef = 07AA68C5CA6A4B539AD37EC5 /* Poppins-ExtraLight.ttf */; };
		1A495FEFE7D443FF9F6E46EA /* Poppins-ExtraLightItalic.ttf in Resources */ = {isa = PBXBuildFile; fileRef = C5058C4B27B741AB8650CDB3 /* Poppins-ExtraLightItalic.ttf */; };
		B9E0EF0ACAF943348DB79362 /* Poppins-Italic.ttf in Resources */ = {isa = PBXBuildFile; fileRef = 76C094C84B574BDBB54E6039 /* Poppins-Italic.ttf */; };
		BEA0343C7C404C6989159BBC /* Poppins-Light.ttf in Resources */ = {isa = PBXBuildFile; fileRef = A463184610BF490ABA9D4C31 /* Poppins-Light.ttf */; };
		BBC52063457C4FCCB8EE76EA /* Poppins-LightItalic.ttf in Resources */ = {isa = PBXBuildFile; fileRef = 710EEE14663845F1AFC6DF98 /* Poppins-LightItalic.ttf */; };
		3BC347A1E7814FB99C81F3FA /* Poppins-Medium.ttf in Resources */ = {isa = PBXBuildFile; fileRef = 39CE215CCC8842348B668ADA /* Poppins-Medium.ttf */; };
		08AC5CA07BA94ACD875A1F5E /* Poppins-MediumItalic.ttf in Resources */ = {isa = PBXBuildFile; fileRef = 5437DF587B2441DD8B0A6595 /* Poppins-MediumItalic.ttf */; };
		BAAF1BF406A846EA8D426982 /* Poppins-SemiBold.ttf in Resources */ = {isa = PBXBuildFile; fileRef = 355EC4962200473CB487DB20 /* Poppins-SemiBold.ttf */; };
		13C5230AB07646D9B6343412 /* Poppins-SemiBoldItalic.ttf in Resources */ = {isa = PBXBuildFile; fileRef = 7AAFB45370D346278A43ECD2 /* Poppins-SemiBoldItalic.ttf */; };
		19A47CFBE3E04669B9F7F979 /* Poppins-Thin.ttf in Resources */ = {isa = PBXBuildFile; fileRef = 5452E098598F4CF18C2F1EE6 /* Poppins-Thin.ttf */; };
		3A55B5E06D01431DAE3CACFB /* Poppins-ThinItalic.ttf in Resources */ = {isa = PBXBuildFile; fileRef = 6EEDA64F2FA549488C9A384F /* Poppins-ThinItalic.ttf */; };
		455460B7C6414A3DA7B8ED0D /* AntDesign.ttf in Resources */ = {isa = PBXBuildFile; fileRef = CB67C4D3761E4078B7750E31 /* AntDesign.ttf */; };
		59CEDA5FE982485B9402A9CC /* Entypo.ttf in Resources */ = {isa = PBXBuildFile; fileRef = 7E592B75995A48A0AB6A75DF /* Entypo.ttf */; };
		B8FEF57353F94054828D8C6E /* EvilIcons.ttf in Resources */ = {isa = PBXBuildFile; fileRef = 26B032D33E0E4DE4AFE8EB44 /* EvilIcons.ttf */; };
		BB116B38D65E47AF97E99F57 /* Feather.ttf in Resources */ = {isa = PBXBuildFile; fileRef = 63060D3213E84B0388C0F871 /* Feather.ttf */; };
		FE5BEC9C3B8241FF9249CD07 /* FontAwesome.ttf in Resources */ = {isa = PBXBuildFile; fileRef = 1C3F58F7285A493486367ABF /* FontAwesome.ttf */; };
		41862904A0BA41E39AC74C78 /* FontAwesome5_Brands.ttf in Resources */ = {isa = PBXBuildFile; fileRef = 9BFA4E059BC64080BABEFED3 /* FontAwesome5_Brands.ttf */; };
		79DE0AB32C8C4473ADB87105 /* FontAwesome5_Regular.ttf in Resources */ = {isa = PBXBuildFile; fileRef = ACE4712DA3654D169725C809 /* FontAwesome5_Regular.ttf */; };
		C9CC494BDADB40F1AEB962F6 /* FontAwesome5_Solid.ttf in Resources */ = {isa = PBXBuildFile; fileRef = 0646557C0C45475392DD463A /* FontAwesome5_Solid.ttf */; };
		9B73B09FFF98407C96CA6F1A /* Fontisto.ttf in Resources */ = {isa = PBXBuildFile; fileRef = A746290A4F1B490099B9E55D /* Fontisto.ttf */; };
		DC8D3CC6745647A38FB5DBA5 /* Foundation.ttf in Resources */ = {isa = PBXBuildFile; fileRef = 8BFEE87397E549DBA55216C0 /* Foundation.ttf */; };
		315092256BDA44CAA44C197A /* Ionicons.ttf in Resources */ = {isa = PBXBuildFile; fileRef = 16698BF30C4F4A0EA7E66E41 /* Ionicons.ttf */; };
		C82E2D1333FB4C8DAF914035 /* MaterialCommunityIcons.ttf in Resources */ = {isa = PBXBuildFile; fileRef = 77ECD0B997564C8FB8E0A77D /* MaterialCommunityIcons.ttf */; };
		B2B2EBA29A454B91BFC04428 /* MaterialIcons.ttf in Resources */ = {isa = PBXBuildFile; fileRef = 84C1A5B160D347A18B20D548 /* MaterialIcons.ttf */; };
		1E6EA8FAFDC64BB08A87C1E9 /* Octicons.ttf in Resources */ = {isa = PBXBuildFile; fileRef = 16674B8D1A7941C49D2A9D2E /* Octicons.ttf */; };
		B7B24618E9A640BB8CF26C39 /* SimpleLineIcons.ttf in Resources */ = {isa = PBXBuildFile; fileRef = 1998877D356A4958B6A1D6E7 /* SimpleLineIcons.ttf */; };
		B4810B19061042E4B8964B14 /* Zocial.ttf in Resources */ = {isa = PBXBuildFile; fileRef = CB10052C58224FF493956E55 /* Zocial.ttf */; };
		60ABA56C9E044E1CA07F4C6D /* AntDesign.ttf in Resources */ = {isa = PBXBuildFile; fileRef = 081C18ADC7264D56A64F7402 /* AntDesign.ttf */; };
		142727B3A2F143259AB752DD /* Entypo.ttf in Resources */ = {isa = PBXBuildFile; fileRef = 0C4D442BA49B49AF800E58DA /* Entypo.ttf */; };
		7A05B9A90BB549F7A69831A5 /* EvilIcons.ttf in Resources */ = {isa = PBXBuildFile; fileRef = 2496830E2B2F43559D4F633B /* EvilIcons.ttf */; };
		BFAFED6F6D07409BAB0ECBC6 /* Feather.ttf in Resources */ = {isa = PBXBuildFile; fileRef = 2F9BA54278F04F9DAE0A1F1F /* Feather.ttf */; };
		C1AF835188384A13B89C2C22 /* FontAwesome.ttf in Resources */ = {isa = PBXBuildFile; fileRef = 4EA9A2C53CAF4F9D875D1206 /* FontAwesome.ttf */; };
		FFD382B99BC747A09A6FBE10 /* FontAwesome5_Brands.ttf in Resources */ = {isa = PBXBuildFile; fileRef = 4BA0E186E2D0469195F78CE7 /* FontAwesome5_Brands.ttf */; };
		650F8C295E8848ACBD14BB55 /* FontAwesome5_Regular.ttf in Resources */ = {isa = PBXBuildFile; fileRef = C45E55BF6D5147029CBA27C3 /* FontAwesome5_Regular.ttf */; };
		F3777324A43347A3BA955AC0 /* FontAwesome5_Solid.ttf in Resources */ = {isa = PBXBuildFile; fileRef = DB8C23F005E8436B9BBB8DFD /* FontAwesome5_Solid.ttf */; };
		80389CE758A6477F88ED4076 /* Fontisto.ttf in Resources */ = {isa = PBXBuildFile; fileRef = A785FAE90DD94A31AE66B4DA /* Fontisto.ttf */; };
		48FFA9700FEE4C5391A0C8C0 /* Foundation.ttf in Resources */ = {isa = PBXBuildFile; fileRef = EA08CC88B2E349358E86D138 /* Foundation.ttf */; };
		B029D91F9FDD4DD7818F04CA /* Ionicons.ttf in Resources */ = {isa = PBXBuildFile; fileRef = 3628E8FB0EE54F08A4FB68BE /* Ionicons.ttf */; };
		AF53894BD33947A7BC40EE05 /* MaterialCommunityIcons.ttf in Resources */ = {isa = PBXBuildFile; fileRef = 505315B0A07E464997F399BE /* MaterialCommunityIcons.ttf */; };
		E3518F828D2E41B7A597A918 /* MaterialIcons.ttf in Resources */ = {isa = PBXBuildFile; fileRef = DB34DEEFB14B4413962D8D05 /* MaterialIcons.ttf */; };
		61A31AC4A9384CD08E269E52 /* Octicons.ttf in Resources */ = {isa = PBXBuildFile; fileRef = 4496405789E743A3A5714C9B /* Octicons.ttf */; };
		E1EFCDBCB4424D8DB756B492 /* SimpleLineIcons.ttf in Resources */ = {isa = PBXBuildFile; fileRef = 55929FADE4634632AE9A8C4E /* SimpleLineIcons.ttf */; };
		17DA5302A29F4167B5B4D080 /* Zocial.ttf in Resources */ = {isa = PBXBuildFile; fileRef = D6BF5A33996D4054AF0A073D /* Zocial.ttf */; };
/* End PBXBuildFile section */

/* Begin PBXContainerItemProxy section */
		00E356F41AD99517003FC87E /* PBXContainerItemProxy */ = {
			isa = PBXContainerItemProxy;
			containerPortal = 83CBB9F71A601CBA00E9B192 /* Project object */;
			proxyType = 1;
			remoteGlobalIDString = 13B07F861A680F5B00A75B9A;
			remoteInfo = GoodNeighbor;
		};
/* End PBXContainerItemProxy section */

/* Begin PBXFileReference section */
		00E356EE1AD99517003FC87E /* GoodNeighborTests.xctest */ = {isa = PBXFileReference; explicitFileType = wrapper.cfbundle; includeInIndex = 0; path = GoodNeighborTests.xctest; sourceTree = BUILT_PRODUCTS_DIR; };
		00E356F11AD99517003FC87E /* Info.plist */ = {isa = PBXFileReference; lastKnownFileType = text.plist.xml; path = Info.plist; sourceTree = "<group>"; };
		00E356F21AD99517003FC87E /* GoodNeighborTests.m */ = {isa = PBXFileReference; lastKnownFileType = sourcecode.c.objc; path = GoodNeighborTests.m; sourceTree = "<group>"; };
		13B07F961A680F5B00A75B9A /* GoodNeighbor.app */ = {isa = PBXFileReference; explicitFileType = wrapper.application; includeInIndex = 0; path = GoodNeighbor.app; sourceTree = BUILT_PRODUCTS_DIR; };
		13B07FAF1A68108700A75B9A /* AppDelegate.h */ = {isa = PBXFileReference; fileEncoding = 4; lastKnownFileType = sourcecode.c.h; name = AppDelegate.h; path = GoodNeighbor/AppDelegate.h; sourceTree = "<group>"; };
		13B07FB01A68108700A75B9A /* AppDelegate.mm */ = {isa = PBXFileReference; fileEncoding = 4; lastKnownFileType = sourcecode.cpp.objcpp; name = AppDelegate.mm; path = GoodNeighbor/AppDelegate.mm; sourceTree = "<group>"; };
		13B07FB51A68108700A75B9A /* Images.xcassets */ = {isa = PBXFileReference; lastKnownFileType = folder.assetcatalog; name = Images.xcassets; path = GoodNeighbor/Images.xcassets; sourceTree = "<group>"; };
		13B07FB61A68108700A75B9A /* Info.plist */ = {isa = PBXFileReference; fileEncoding = 4; lastKnownFileType = text.plist.xml; name = Info.plist; path = GoodNeighbor/Info.plist; sourceTree = "<group>"; };
		13B07FB71A68108700A75B9A /* main.m */ = {isa = PBXFileReference; fileEncoding = 4; lastKnownFileType = sourcecode.c.objc; name = main.m; path = GoodNeighbor/main.m; sourceTree = "<group>"; };
		19F6CBCC0A4E27FBF8BF4A61 /* libPods-GoodNeighbor-GoodNeighborTests.a */ = {isa = PBXFileReference; explicitFileType = archive.ar; includeInIndex = 0; path = "libPods-GoodNeighbor-GoodNeighborTests.a"; sourceTree = BUILT_PRODUCTS_DIR; };
		3B4392A12AC88292D35C810B /* Pods-GoodNeighbor.debug.xcconfig */ = {isa = PBXFileReference; includeInIndex = 1; lastKnownFileType = text.xcconfig; name = "Pods-GoodNeighbor.debug.xcconfig"; path = "Target Support Files/Pods-GoodNeighbor/Pods-GoodNeighbor.debug.xcconfig"; sourceTree = "<group>"; };
		5709B34CF0A7D63546082F79 /* Pods-GoodNeighbor.release.xcconfig */ = {isa = PBXFileReference; includeInIndex = 1; lastKnownFileType = text.xcconfig; name = "Pods-GoodNeighbor.release.xcconfig"; path = "Target Support Files/Pods-GoodNeighbor/Pods-GoodNeighbor.release.xcconfig"; sourceTree = "<group>"; };
		5B7EB9410499542E8C5724F5 /* Pods-GoodNeighbor-GoodNeighborTests.debug.xcconfig */ = {isa = PBXFileReference; includeInIndex = 1; lastKnownFileType = text.xcconfig; name = "Pods-GoodNeighbor-GoodNeighborTests.debug.xcconfig"; path = "Target Support Files/Pods-GoodNeighbor-GoodNeighborTests/Pods-GoodNeighbor-GoodNeighborTests.debug.xcconfig"; sourceTree = "<group>"; };
		5DCACB8F33CDC322A6C60F78 /* libPods-GoodNeighbor.a */ = {isa = PBXFileReference; explicitFileType = archive.ar; includeInIndex = 0; path = "libPods-GoodNeighbor.a"; sourceTree = BUILT_PRODUCTS_DIR; };
		81AB9BB72411601600AC10FF /* LaunchScreen.storyboard */ = {isa = PBXFileReference; fileEncoding = 4; lastKnownFileType = file.storyboard; name = LaunchScreen.storyboard; path = GoodNeighbor/LaunchScreen.storyboard; sourceTree = "<group>"; };
		89C6BE57DB24E9ADA2F236DE /* Pods-GoodNeighbor-GoodNeighborTests.release.xcconfig */ = {isa = PBXFileReference; includeInIndex = 1; lastKnownFileType = text.xcconfig; name = "Pods-GoodNeighbor-GoodNeighborTests.release.xcconfig"; path = "Target Support Files/Pods-GoodNeighbor-GoodNeighborTests/Pods-GoodNeighbor-GoodNeighborTests.release.xcconfig"; sourceTree = "<group>"; };
		ED297162215061F000B7C4FE /* JavaScriptCore.framework */ = {isa = PBXFileReference; lastKnownFileType = wrapper.framework; name = JavaScriptCore.framework; path = System/Library/Frameworks/JavaScriptCore.framework; sourceTree = SDKROOT; };
		C732679E0F5F43E98005A2B9 /* Sriracha-Regular.ttf */ = {isa = PBXFileReference; name = "Sriracha-Regular.ttf"; path = "../src/assets/fonts/Sriracha-Regular.ttf"; sourceTree = "<group>"; fileEncoding = undefined; lastKnownFileType = unknown; explicitFileType = undefined; includeInIndex = 0; };
		A1A9A016A3684C368E39BA73 /* OpenSans-Bold.ttf */ = {isa = PBXFileReference; name = "OpenSans-Bold.ttf"; path = "../src/assets/fonts/OpenSans-Bold.ttf"; sourceTree = "<group>"; fileEncoding = undefined; lastKnownFileType = unknown; explicitFileType = undefined; includeInIndex = 0; };
		FE791027674B449497D53FC9 /* OpenSans-Regular.ttf */ = {isa = PBXFileReference; name = "OpenSans-Regular.ttf"; path = "../src/assets/fonts/OpenSans-Regular.ttf"; sourceTree = "<group>"; fileEncoding = undefined; lastKnownFileType = unknown; explicitFileType = undefined; includeInIndex = 0; };
		5A2DBD62CE384E90A2A7522B /* Poppins-Regular.ttf */ = {isa = PBXFileReference; name = "Poppins-Regular.ttf"; path = "../src/assets/fonts/Poppins-Regular.ttf"; sourceTree = "<group>"; fileEncoding = undefined; lastKnownFileType = unknown; explicitFileType = undefined; includeInIndex = 0; };
		829E48A44E0F47DFBF23ECB1 /* Poppins-Black.ttf */ = {isa = PBXFileReference; name = "Poppins-Black.ttf"; path = "../src/assets/fonts/Poppins-Black.ttf"; sourceTree = "<group>"; fileEncoding = undefined; lastKnownFileType = unknown; explicitFileType = undefined; includeInIndex = 0; };
		C8697767E0A94F9F93A8D4FA /* Poppins-BlackItalic.ttf */ = {isa = PBXFileReference; name = "Poppins-BlackItalic.ttf"; path = "../src/assets/fonts/Poppins-BlackItalic.ttf"; sourceTree = "<group>"; fileEncoding = undefined; lastKnownFileType = unknown; explicitFileType = undefined; includeInIndex = 0; };
		8E1C84E0D86540ADBF4EC407 /* Poppins-Bold.ttf */ = {isa = PBXFileReference; name = "Poppins-Bold.ttf"; path = "../src/assets/fonts/Poppins-Bold.ttf"; sourceTree = "<group>"; fileEncoding = undefined; lastKnownFileType = unknown; explicitFileType = undefined; includeInIndex = 0; };
		023BD65A696B4F0EB044A9A1 /* Poppins-BoldItalic.ttf */ = {isa = PBXFileReference; name = "Poppins-BoldItalic.ttf"; path = "../src/assets/fonts/Poppins-BoldItalic.ttf"; sourceTree = "<group>"; fileEncoding = undefined; lastKnownFileType = unknown; explicitFileType = undefined; includeInIndex = 0; };
		EDE980A6A3CE414AB68B2378 /* Poppins-ExtraBold.ttf */ = {isa = PBXFileReference; name = "Poppins-ExtraBold.ttf"; path = "../src/assets/fonts/Poppins-ExtraBold.ttf"; sourceTree = "<group>"; fileEncoding = undefined; lastKnownFileType = unknown; explicitFileType = undefined; includeInIndex = 0; };
		153C20F749BA4D44B68529F8 /* Poppins-ExtraBoldItalic.ttf */ = {isa = PBXFileReference; name = "Poppins-ExtraBoldItalic.ttf"; path = "../src/assets/fonts/Poppins-ExtraBoldItalic.ttf"; sourceTree = "<group>"; fileEncoding = undefined; lastKnownFileType = unknown; explicitFileType = undefined; includeInIndex = 0; };
		07AA68C5CA6A4B539AD37EC5 /* Poppins-ExtraLight.ttf */ = {isa = PBXFileReference; name = "Poppins-ExtraLight.ttf"; path = "../src/assets/fonts/Poppins-ExtraLight.ttf"; sourceTree = "<group>"; fileEncoding = undefined; lastKnownFileType = unknown; explicitFileType = undefined; includeInIndex = 0; };
		C5058C4B27B741AB8650CDB3 /* Poppins-ExtraLightItalic.ttf */ = {isa = PBXFileReference; name = "Poppins-ExtraLightItalic.ttf"; path = "../src/assets/fonts/Poppins-ExtraLightItalic.ttf"; sourceTree = "<group>"; fileEncoding = undefined; lastKnownFileType = unknown; explicitFileType = undefined; includeInIndex = 0; };
		76C094C84B574BDBB54E6039 /* Poppins-Italic.ttf */ = {isa = PBXFileReference; name = "Poppins-Italic.ttf"; path = "../src/assets/fonts/Poppins-Italic.ttf"; sourceTree = "<group>"; fileEncoding = undefined; lastKnownFileType = unknown; explicitFileType = undefined; includeInIndex = 0; };
		A463184610BF490ABA9D4C31 /* Poppins-Light.ttf */ = {isa = PBXFileReference; name = "Poppins-Light.ttf"; path = "../src/assets/fonts/Poppins-Light.ttf"; sourceTree = "<group>"; fileEncoding = undefined; lastKnownFileType = unknown; explicitFileType = undefined; includeInIndex = 0; };
		710EEE14663845F1AFC6DF98 /* Poppins-LightItalic.ttf */ = {isa = PBXFileReference; name = "Poppins-LightItalic.ttf"; path = "../src/assets/fonts/Poppins-LightItalic.ttf"; sourceTree = "<group>"; fileEncoding = undefined; lastKnownFileType = unknown; explicitFileType = undefined; includeInIndex = 0; };
		39CE215CCC8842348B668ADA /* Poppins-Medium.ttf */ = {isa = PBXFileReference; name = "Poppins-Medium.ttf"; path = "../src/assets/fonts/Poppins-Medium.ttf"; sourceTree = "<group>"; fileEncoding = undefined; lastKnownFileType = unknown; explicitFileType = undefined; includeInIndex = 0; };
		5437DF587B2441DD8B0A6595 /* Poppins-MediumItalic.ttf */ = {isa = PBXFileReference; name = "Poppins-MediumItalic.ttf"; path = "../src/assets/fonts/Poppins-MediumItalic.ttf"; sourceTree = "<group>"; fileEncoding = undefined; lastKnownFileType = unknown; explicitFileType = undefined; includeInIndex = 0; };
		355EC4962200473CB487DB20 /* Poppins-SemiBold.ttf */ = {isa = PBXFileReference; name = "Poppins-SemiBold.ttf"; path = "../src/assets/fonts/Poppins-SemiBold.ttf"; sourceTree = "<group>"; fileEncoding = undefined; lastKnownFileType = unknown; explicitFileType = undefined; includeInIndex = 0; };
		7AAFB45370D346278A43ECD2 /* Poppins-SemiBoldItalic.ttf */ = {isa = PBXFileReference; name = "Poppins-SemiBoldItalic.ttf"; path = "../src/assets/fonts/Poppins-SemiBoldItalic.ttf"; sourceTree = "<group>"; fileEncoding = undefined; lastKnownFileType = unknown; explicitFileType = undefined; includeInIndex = 0; };
		5452E098598F4CF18C2F1EE6 /* Poppins-Thin.ttf */ = {isa = PBXFileReference; name = "Poppins-Thin.ttf"; path = "../src/assets/fonts/Poppins-Thin.ttf"; sourceTree = "<group>"; fileEncoding = undefined; lastKnownFileType = unknown; explicitFileType = undefined; includeInIndex = 0; };
		6EEDA64F2FA549488C9A384F /* Poppins-ThinItalic.ttf */ = {isa = PBXFileReference; name = "Poppins-ThinItalic.ttf"; path = "../src/assets/fonts/Poppins-ThinItalic.ttf"; sourceTree = "<group>"; fileEncoding = undefined; lastKnownFileType = unknown; explicitFileType = undefined; includeInIndex = 0; };
		CB67C4D3761E4078B7750E31 /* AntDesign.ttf */ = {isa = PBXFileReference; name = "AntDesign.ttf"; path = "../src/assets/fonts/AntDesign.ttf"; sourceTree = "<group>"; fileEncoding = undefined; lastKnownFileType = unknown; explicitFileType = undefined; includeInIndex = 0; };
		7E592B75995A48A0AB6A75DF /* Entypo.ttf */ = {isa = PBXFileReference; name = "Entypo.ttf"; path = "../src/assets/fonts/Entypo.ttf"; sourceTree = "<group>"; fileEncoding = undefined; lastKnownFileType = unknown; explicitFileType = undefined; includeInIndex = 0; };
		26B032D33E0E4DE4AFE8EB44 /* EvilIcons.ttf */ = {isa = PBXFileReference; name = "EvilIcons.ttf"; path = "../src/assets/fonts/EvilIcons.ttf"; sourceTree = "<group>"; fileEncoding = undefined; lastKnownFileType = unknown; explicitFileType = undefined; includeInIndex = 0; };
		63060D3213E84B0388C0F871 /* Feather.ttf */ = {isa = PBXFileReference; name = "Feather.ttf"; path = "../src/assets/fonts/Feather.ttf"; sourceTree = "<group>"; fileEncoding = undefined; lastKnownFileType = unknown; explicitFileType = undefined; includeInIndex = 0; };
		1C3F58F7285A493486367ABF /* FontAwesome.ttf */ = {isa = PBXFileReference; name = "FontAwesome.ttf"; path = "../src/assets/fonts/FontAwesome.ttf"; sourceTree = "<group>"; fileEncoding = undefined; lastKnownFileType = unknown; explicitFileType = undefined; includeInIndex = 0; };
		9BFA4E059BC64080BABEFED3 /* FontAwesome5_Brands.ttf */ = {isa = PBXFileReference; name = "FontAwesome5_Brands.ttf"; path = "../src/assets/fonts/FontAwesome5_Brands.ttf"; sourceTree = "<group>"; fileEncoding = undefined; lastKnownFileType = unknown; explicitFileType = undefined; includeInIndex = 0; };
		ACE4712DA3654D169725C809 /* FontAwesome5_Regular.ttf */ = {isa = PBXFileReference; name = "FontAwesome5_Regular.ttf"; path = "../src/assets/fonts/FontAwesome5_Regular.ttf"; sourceTree = "<group>"; fileEncoding = undefined; lastKnownFileType = unknown; explicitFileType = undefined; includeInIndex = 0; };
		0646557C0C45475392DD463A /* FontAwesome5_Solid.ttf */ = {isa = PBXFileReference; name = "FontAwesome5_Solid.ttf"; path = "../src/assets/fonts/FontAwesome5_Solid.ttf"; sourceTree = "<group>"; fileEncoding = undefined; lastKnownFileType = unknown; explicitFileType = undefined; includeInIndex = 0; };
		A746290A4F1B490099B9E55D /* Fontisto.ttf */ = {isa = PBXFileReference; name = "Fontisto.ttf"; path = "../src/assets/fonts/Fontisto.ttf"; sourceTree = "<group>"; fileEncoding = undefined; lastKnownFileType = unknown; explicitFileType = undefined; includeInIndex = 0; };
		8BFEE87397E549DBA55216C0 /* Foundation.ttf */ = {isa = PBXFileReference; name = "Foundation.ttf"; path = "../src/assets/fonts/Foundation.ttf"; sourceTree = "<group>"; fileEncoding = undefined; lastKnownFileType = unknown; explicitFileType = undefined; includeInIndex = 0; };
		16698BF30C4F4A0EA7E66E41 /* Ionicons.ttf */ = {isa = PBXFileReference; name = "Ionicons.ttf"; path = "../src/assets/fonts/Ionicons.ttf"; sourceTree = "<group>"; fileEncoding = undefined; lastKnownFileType = unknown; explicitFileType = undefined; includeInIndex = 0; };
		77ECD0B997564C8FB8E0A77D /* MaterialCommunityIcons.ttf */ = {isa = PBXFileReference; name = "MaterialCommunityIcons.ttf"; path = "../src/assets/fonts/MaterialCommunityIcons.ttf"; sourceTree = "<group>"; fileEncoding = undefined; lastKnownFileType = unknown; explicitFileType = undefined; includeInIndex = 0; };
		84C1A5B160D347A18B20D548 /* MaterialIcons.ttf */ = {isa = PBXFileReference; name = "MaterialIcons.ttf"; path = "../src/assets/fonts/MaterialIcons.ttf"; sourceTree = "<group>"; fileEncoding = undefined; lastKnownFileType = unknown; explicitFileType = undefined; includeInIndex = 0; };
		16674B8D1A7941C49D2A9D2E /* Octicons.ttf */ = {isa = PBXFileReference; name = "Octicons.ttf"; path = "../src/assets/fonts/Octicons.ttf"; sourceTree = "<group>"; fileEncoding = undefined; lastKnownFileType = unknown; explicitFileType = undefined; includeInIndex = 0; };
		1998877D356A4958B6A1D6E7 /* SimpleLineIcons.ttf */ = {isa = PBXFileReference; name = "SimpleLineIcons.ttf"; path = "../src/assets/fonts/SimpleLineIcons.ttf"; sourceTree = "<group>"; fileEncoding = undefined; lastKnownFileType = unknown; explicitFileType = undefined; includeInIndex = 0; };
		CB10052C58224FF493956E55 /* Zocial.ttf */ = {isa = PBXFileReference; name = "Zocial.ttf"; path = "../src/assets/fonts/Zocial.ttf"; sourceTree = "<group>"; fileEncoding = undefined; lastKnownFileType = unknown; explicitFileType = undefined; includeInIndex = 0; };
		081C18ADC7264D56A64F7402 /* AntDesign.ttf */ = {isa = PBXFileReference; name = "AntDesign.ttf"; path = "../node_modules/react-native-vector-icons/Fonts/AntDesign.ttf"; sourceTree = "<group>"; fileEncoding = undefined; lastKnownFileType = unknown; explicitFileType = undefined; includeInIndex = 0; };
		0C4D442BA49B49AF800E58DA /* Entypo.ttf */ = {isa = PBXFileReference; name = "Entypo.ttf"; path = "../node_modules/react-native-vector-icons/Fonts/Entypo.ttf"; sourceTree = "<group>"; fileEncoding = undefined; lastKnownFileType = unknown; explicitFileType = undefined; includeInIndex = 0; };
		2496830E2B2F43559D4F633B /* EvilIcons.ttf */ = {isa = PBXFileReference; name = "EvilIcons.ttf"; path = "../node_modules/react-native-vector-icons/Fonts/EvilIcons.ttf"; sourceTree = "<group>"; fileEncoding = undefined; lastKnownFileType = unknown; explicitFileType = undefined; includeInIndex = 0; };
		2F9BA54278F04F9DAE0A1F1F /* Feather.ttf */ = {isa = PBXFileReference; name = "Feather.ttf"; path = "../node_modules/react-native-vector-icons/Fonts/Feather.ttf"; sourceTree = "<group>"; fileEncoding = undefined; lastKnownFileType = unknown; explicitFileType = undefined; includeInIndex = 0; };
		4EA9A2C53CAF4F9D875D1206 /* FontAwesome.ttf */ = {isa = PBXFileReference; name = "FontAwesome.ttf"; path = "../node_modules/react-native-vector-icons/Fonts/FontAwesome.ttf"; sourceTree = "<group>"; fileEncoding = undefined; lastKnownFileType = unknown; explicitFileType = undefined; includeInIndex = 0; };
		4BA0E186E2D0469195F78CE7 /* FontAwesome5_Brands.ttf */ = {isa = PBXFileReference; name = "FontAwesome5_Brands.ttf"; path = "../node_modules/react-native-vector-icons/Fonts/FontAwesome5_Brands.ttf"; sourceTree = "<group>"; fileEncoding = undefined; lastKnownFileType = unknown; explicitFileType = undefined; includeInIndex = 0; };
		C45E55BF6D5147029CBA27C3 /* FontAwesome5_Regular.ttf */ = {isa = PBXFileReference; name = "FontAwesome5_Regular.ttf"; path = "../node_modules/react-native-vector-icons/Fonts/FontAwesome5_Regular.ttf"; sourceTree = "<group>"; fileEncoding = undefined; lastKnownFileType = unknown; explicitFileType = undefined; includeInIndex = 0; };
		DB8C23F005E8436B9BBB8DFD /* FontAwesome5_Solid.ttf */ = {isa = PBXFileReference; name = "FontAwesome5_Solid.ttf"; path = "../node_modules/react-native-vector-icons/Fonts/FontAwesome5_Solid.ttf"; sourceTree = "<group>"; fileEncoding = undefined; lastKnownFileType = unknown; explicitFileType = undefined; includeInIndex = 0; };
		A785FAE90DD94A31AE66B4DA /* Fontisto.ttf */ = {isa = PBXFileReference; name = "Fontisto.ttf"; path = "../node_modules/react-native-vector-icons/Fonts/Fontisto.ttf"; sourceTree = "<group>"; fileEncoding = undefined; lastKnownFileType = unknown; explicitFileType = undefined; includeInIndex = 0; };
		EA08CC88B2E349358E86D138 /* Foundation.ttf */ = {isa = PBXFileReference; name = "Foundation.ttf"; path = "../node_modules/react-native-vector-icons/Fonts/Foundation.ttf"; sourceTree = "<group>"; fileEncoding = undefined; lastKnownFileType = unknown; explicitFileType = undefined; includeInIndex = 0; };
		3628E8FB0EE54F08A4FB68BE /* Ionicons.ttf */ = {isa = PBXFileReference; name = "Ionicons.ttf"; path = "../node_modules/react-native-vector-icons/Fonts/Ionicons.ttf"; sourceTree = "<group>"; fileEncoding = undefined; lastKnownFileType = unknown; explicitFileType = undefined; includeInIndex = 0; };
		505315B0A07E464997F399BE /* MaterialCommunityIcons.ttf */ = {isa = PBXFileReference; name = "MaterialCommunityIcons.ttf"; path = "../node_modules/react-native-vector-icons/Fonts/MaterialCommunityIcons.ttf"; sourceTree = "<group>"; fileEncoding = undefined; lastKnownFileType = unknown; explicitFileType = undefined; includeInIndex = 0; };
		DB34DEEFB14B4413962D8D05 /* MaterialIcons.ttf */ = {isa = PBXFileReference; name = "MaterialIcons.ttf"; path = "../node_modules/react-native-vector-icons/Fonts/MaterialIcons.ttf"; sourceTree = "<group>"; fileEncoding = undefined; lastKnownFileType = unknown; explicitFileType = undefined; includeInIndex = 0; };
		4496405789E743A3A5714C9B /* Octicons.ttf */ = {isa = PBXFileReference; name = "Octicons.ttf"; path = "../node_modules/react-native-vector-icons/Fonts/Octicons.ttf"; sourceTree = "<group>"; fileEncoding = undefined; lastKnownFileType = unknown; explicitFileType = undefined; includeInIndex = 0; };
		55929FADE4634632AE9A8C4E /* SimpleLineIcons.ttf */ = {isa = PBXFileReference; name = "SimpleLineIcons.ttf"; path = "../node_modules/react-native-vector-icons/Fonts/SimpleLineIcons.ttf"; sourceTree = "<group>"; fileEncoding = undefined; lastKnownFileType = unknown; explicitFileType = undefined; includeInIndex = 0; };
		D6BF5A33996D4054AF0A073D /* Zocial.ttf */ = {isa = PBXFileReference; name = "Zocial.ttf"; path = "../node_modules/react-native-vector-icons/Fonts/Zocial.ttf"; sourceTree = "<group>"; fileEncoding = undefined; lastKnownFileType = unknown; explicitFileType = undefined; includeInIndex = 0; };
/* End PBXFileReference section */

/* Begin PBXFrameworksBuildPhase section */
		00E356EB1AD99517003FC87E /* Frameworks */ = {
			isa = PBXFrameworksBuildPhase;
			buildActionMask = 2147483647;
			files = (
				7699B88040F8A987B510C191 /* libPods-GoodNeighbor-GoodNeighborTests.a in Frameworks */,
			);
			runOnlyForDeploymentPostprocessing = 0;
		};
		13B07F8C1A680F5B00A75B9A /* Frameworks */ = {
			isa = PBXFrameworksBuildPhase;
			buildActionMask = 2147483647;
			files = (
				0C80B921A6F3F58F76C31292 /* libPods-GoodNeighbor.a in Frameworks */,
			);
			runOnlyForDeploymentPostprocessing = 0;
		};
/* End PBXFrameworksBuildPhase section */

/* Begin PBXGroup section */
		00E356EF1AD99517003FC87E /* GoodNeighborTests */ = {
			isa = PBXGroup;
			children = (
				00E356F21AD99517003FC87E /* GoodNeighborTests.m */,
				00E356F01AD99517003FC87E /* Supporting Files */,
			);
			path = GoodNeighborTests;
			sourceTree = "<group>";
		};
		00E356F01AD99517003FC87E /* Supporting Files */ = {
			isa = PBXGroup;
			children = (
				00E356F11AD99517003FC87E /* Info.plist */,
			);
			name = "Supporting Files";
			sourceTree = "<group>";
		};
		13B07FAE1A68108700A75B9A /* GoodNeighbor */ = {
			isa = PBXGroup;
			children = (
				13B07FAF1A68108700A75B9A /* AppDelegate.h */,
				13B07FB01A68108700A75B9A /* AppDelegate.mm */,
				13B07FB51A68108700A75B9A /* Images.xcassets */,
				13B07FB61A68108700A75B9A /* Info.plist */,
				81AB9BB72411601600AC10FF /* LaunchScreen.storyboard */,
				13B07FB71A68108700A75B9A /* main.m */,
			);
			name = GoodNeighbor;
			sourceTree = "<group>";
		};
		2D16E6871FA4F8E400B85C8A /* Frameworks */ = {
			isa = PBXGroup;
			children = (
				ED297162215061F000B7C4FE /* JavaScriptCore.framework */,
				5DCACB8F33CDC322A6C60F78 /* libPods-GoodNeighbor.a */,
				19F6CBCC0A4E27FBF8BF4A61 /* libPods-GoodNeighbor-GoodNeighborTests.a */,
			);
			name = Frameworks;
			sourceTree = "<group>";
		};
		832341AE1AAA6A7D00B99B32 /* Libraries */ = {
			isa = PBXGroup;
			children = (
			);
			name = Libraries;
			sourceTree = "<group>";
		};
		83CBB9F61A601CBA00E9B192 = {
			isa = PBXGroup;
			children = (
				13B07FAE1A68108700A75B9A /* GoodNeighbor */,
				832341AE1AAA6A7D00B99B32 /* Libraries */,
				00E356EF1AD99517003FC87E /* GoodNeighborTests */,
				83CBBA001A601CBA00E9B192 /* Products */,
				2D16E6871FA4F8E400B85C8A /* Frameworks */,
				BBD78D7AC51CEA395F1C20DB /* Pods */,
				2ED9DB5739F744C78E36F986 /* Resources */,
			);
			indentWidth = 2;
			sourceTree = "<group>";
			tabWidth = 2;
			usesTabs = 0;
		};
		83CBBA001A601CBA00E9B192 /* Products */ = {
			isa = PBXGroup;
			children = (
				13B07F961A680F5B00A75B9A /* GoodNeighbor.app */,
				00E356EE1AD99517003FC87E /* GoodNeighborTests.xctest */,
			);
			name = Products;
			sourceTree = "<group>";
		};
		BBD78D7AC51CEA395F1C20DB /* Pods */ = {
			isa = PBXGroup;
			children = (
				3B4392A12AC88292D35C810B /* Pods-GoodNeighbor.debug.xcconfig */,
				5709B34CF0A7D63546082F79 /* Pods-GoodNeighbor.release.xcconfig */,
				5B7EB9410499542E8C5724F5 /* Pods-GoodNeighbor-GoodNeighborTests.debug.xcconfig */,
				89C6BE57DB24E9ADA2F236DE /* Pods-GoodNeighbor-GoodNeighborTests.release.xcconfig */,
			);
			path = Pods;
			sourceTree = "<group>";
		};
		2ED9DB5739F744C78E36F986 /* Resources */ = {
			isa = "PBXGroup";
			children = (
				C732679E0F5F43E98005A2B9 /* Sriracha-Regular.ttf */,
				A1A9A016A3684C368E39BA73 /* OpenSans-Bold.ttf */,
				FE791027674B449497D53FC9 /* OpenSans-Regular.ttf */,
				5A2DBD62CE384E90A2A7522B /* Poppins-Regular.ttf */,
				829E48A44E0F47DFBF23ECB1 /* Poppins-Black.ttf */,
				C8697767E0A94F9F93A8D4FA /* Poppins-BlackItalic.ttf */,
				8E1C84E0D86540ADBF4EC407 /* Poppins-Bold.ttf */,
				023BD65A696B4F0EB044A9A1 /* Poppins-BoldItalic.ttf */,
				EDE980A6A3CE414AB68B2378 /* Poppins-ExtraBold.ttf */,
				153C20F749BA4D44B68529F8 /* Poppins-ExtraBoldItalic.ttf */,
				07AA68C5CA6A4B539AD37EC5 /* Poppins-ExtraLight.ttf */,
				C5058C4B27B741AB8650CDB3 /* Poppins-ExtraLightItalic.ttf */,
				76C094C84B574BDBB54E6039 /* Poppins-Italic.ttf */,
				A463184610BF490ABA9D4C31 /* Poppins-Light.ttf */,
				710EEE14663845F1AFC6DF98 /* Poppins-LightItalic.ttf */,
				39CE215CCC8842348B668ADA /* Poppins-Medium.ttf */,
				5437DF587B2441DD8B0A6595 /* Poppins-MediumItalic.ttf */,
				355EC4962200473CB487DB20 /* Poppins-SemiBold.ttf */,
				7AAFB45370D346278A43ECD2 /* Poppins-SemiBoldItalic.ttf */,
				5452E098598F4CF18C2F1EE6 /* Poppins-Thin.ttf */,
				6EEDA64F2FA549488C9A384F /* Poppins-ThinItalic.ttf */,
				CB67C4D3761E4078B7750E31 /* AntDesign.ttf */,
				7E592B75995A48A0AB6A75DF /* Entypo.ttf */,
				26B032D33E0E4DE4AFE8EB44 /* EvilIcons.ttf */,
				63060D3213E84B0388C0F871 /* Feather.ttf */,
				1C3F58F7285A493486367ABF /* FontAwesome.ttf */,
				9BFA4E059BC64080BABEFED3 /* FontAwesome5_Brands.ttf */,
				ACE4712DA3654D169725C809 /* FontAwesome5_Regular.ttf */,
				0646557C0C45475392DD463A /* FontAwesome5_Solid.ttf */,
				A746290A4F1B490099B9E55D /* Fontisto.ttf */,
				8BFEE87397E549DBA55216C0 /* Foundation.ttf */,
				16698BF30C4F4A0EA7E66E41 /* Ionicons.ttf */,
				77ECD0B997564C8FB8E0A77D /* MaterialCommunityIcons.ttf */,
				84C1A5B160D347A18B20D548 /* MaterialIcons.ttf */,
				16674B8D1A7941C49D2A9D2E /* Octicons.ttf */,
				1998877D356A4958B6A1D6E7 /* SimpleLineIcons.ttf */,
				CB10052C58224FF493956E55 /* Zocial.ttf */,
				081C18ADC7264D56A64F7402 /* AntDesign.ttf */,
				0C4D442BA49B49AF800E58DA /* Entypo.ttf */,
				2496830E2B2F43559D4F633B /* EvilIcons.ttf */,
				2F9BA54278F04F9DAE0A1F1F /* Feather.ttf */,
				4EA9A2C53CAF4F9D875D1206 /* FontAwesome.ttf */,
				4BA0E186E2D0469195F78CE7 /* FontAwesome5_Brands.ttf */,
				C45E55BF6D5147029CBA27C3 /* FontAwesome5_Regular.ttf */,
				DB8C23F005E8436B9BBB8DFD /* FontAwesome5_Solid.ttf */,
				A785FAE90DD94A31AE66B4DA /* Fontisto.ttf */,
				EA08CC88B2E349358E86D138 /* Foundation.ttf */,
				3628E8FB0EE54F08A4FB68BE /* Ionicons.ttf */,
				505315B0A07E464997F399BE /* MaterialCommunityIcons.ttf */,
				DB34DEEFB14B4413962D8D05 /* MaterialIcons.ttf */,
				4496405789E743A3A5714C9B /* Octicons.ttf */,
				55929FADE4634632AE9A8C4E /* SimpleLineIcons.ttf */,
				D6BF5A33996D4054AF0A073D /* Zocial.ttf */,
			);
			name = Resources;
			sourceTree = "<group>";
			path = "";
		};
/* End PBXGroup section */

/* Begin PBXNativeTarget section */
		00E356ED1AD99517003FC87E /* GoodNeighborTests */ = {
			isa = PBXNativeTarget;
			buildConfigurationList = 00E357021AD99517003FC87E /* Build configuration list for PBXNativeTarget "GoodNeighborTests" */;
			buildPhases = (
				A55EABD7B0C7F3A422A6CC61 /* [CP] Check Pods Manifest.lock */,
				00E356EA1AD99517003FC87E /* Sources */,
				00E356EB1AD99517003FC87E /* Frameworks */,
				00E356EC1AD99517003FC87E /* Resources */,
				C59DA0FBD6956966B86A3779 /* [CP] Embed Pods Frameworks */,
				F6A41C54EA430FDDC6A6ED99 /* [CP] Copy Pods Resources */,
			);
			buildRules = (
			);
			dependencies = (
				00E356F51AD99517003FC87E /* PBXTargetDependency */,
			);
			name = GoodNeighborTests;
			productName = GoodNeighborTests;
			productReference = 00E356EE1AD99517003FC87E /* GoodNeighborTests.xctest */;
			productType = "com.apple.product-type.bundle.unit-test";
		};
		13B07F861A680F5B00A75B9A /* GoodNeighbor */ = {
			isa = PBXNativeTarget;
			buildConfigurationList = 13B07F931A680F5B00A75B9A /* Build configuration list for PBXNativeTarget "GoodNeighbor" */;
			buildPhases = (
				C38B50BA6285516D6DCD4F65 /* [CP] Check Pods Manifest.lock */,
				FD10A7F022414F080027D42C /* Start Packager */,
				13B07F871A680F5B00A75B9A /* Sources */,
				13B07F8C1A680F5B00A75B9A /* Frameworks */,
				13B07F8E1A680F5B00A75B9A /* Resources */,
				00DD1BFF1BD5951E006B06BC /* Bundle React Native code and images */,
				00EEFC60759A1932668264C0 /* [CP] Embed Pods Frameworks */,
				E235C05ADACE081382539298 /* [CP] Copy Pods Resources */,
			);
			buildRules = (
			);
			dependencies = (
			);
			name = GoodNeighbor;
			productName = GoodNeighbor;
			productReference = 13B07F961A680F5B00A75B9A /* GoodNeighbor.app */;
			productType = "com.apple.product-type.application";
		};
/* End PBXNativeTarget section */

/* Begin PBXProject section */
		83CBB9F71A601CBA00E9B192 /* Project object */ = {
			isa = PBXProject;
			attributes = {
				LastUpgradeCheck = 1210;
				TargetAttributes = {
					00E356ED1AD99517003FC87E = {
						CreatedOnToolsVersion = 6.2;
						TestTargetID = 13B07F861A680F5B00A75B9A;
					};
					13B07F861A680F5B00A75B9A = {
						LastSwiftMigration = 1120;
					};
				};
			};
			buildConfigurationList = 83CBB9FA1A601CBA00E9B192 /* Build configuration list for PBXProject "GoodNeighbor" */;
			compatibilityVersion = "Xcode 12.0";
			developmentRegion = en;
			hasScannedForEncodings = 0;
			knownRegions = (
				en,
				Base,
			);
			mainGroup = 83CBB9F61A601CBA00E9B192;
			productRefGroup = 83CBBA001A601CBA00E9B192 /* Products */;
			projectDirPath = "";
			projectRoot = "";
			targets = (
				13B07F861A680F5B00A75B9A /* GoodNeighbor */,
				00E356ED1AD99517003FC87E /* GoodNeighborTests */,
			);
		};
/* End PBXProject section */

/* Begin PBXResourcesBuildPhase section */
		00E356EC1AD99517003FC87E /* Resources */ = {
			isa = PBXResourcesBuildPhase;
			buildActionMask = 2147483647;
			files = (
			);
			runOnlyForDeploymentPostprocessing = 0;
		};
		13B07F8E1A680F5B00A75B9A /* Resources */ = {
			isa = PBXResourcesBuildPhase;
			buildActionMask = 2147483647;
			files = (
				81AB9BB82411601600AC10FF /* LaunchScreen.storyboard in Resources */,
				13B07FBF1A68108700A75B9A /* Images.xcassets in Resources */,
				CAA0070E12864B9BB7535320 /* Sriracha-Regular.ttf in Resources */,
				BAC359F909784653994037DE /* OpenSans-Bold.ttf in Resources */,
				36C50878F8BB4EB69F076ED1 /* OpenSans-Regular.ttf in Resources */,
				36484A5AB0F64E06A6C66E91 /* Poppins-Regular.ttf in Resources */,
				D28FA78CDA9A424BBDF943B8 /* Poppins-Black.ttf in Resources */,
				54788A9EFFEE4F02BE30EB9D /* Poppins-BlackItalic.ttf in Resources */,
				9029DCDAAFCB45A88A4604EE /* Poppins-Bold.ttf in Resources */,
				4A0F0B868326486EB01C7FD6 /* Poppins-BoldItalic.ttf in Resources */,
				F00A7EB66ABE4EDEB8C52745 /* Poppins-ExtraBold.ttf in Resources */,
				BE4F042DE77B45A6B8426CD6 /* Poppins-ExtraBoldItalic.ttf in Resources */,
				01A83B3453B34F0E8905A119 /* Poppins-ExtraLight.ttf in Resources */,
				1A495FEFE7D443FF9F6E46EA /* Poppins-ExtraLightItalic.ttf in Resources */,
				B9E0EF0ACAF943348DB79362 /* Poppins-Italic.ttf in Resources */,
				BEA0343C7C404C6989159BBC /* Poppins-Light.ttf in Resources */,
				BBC52063457C4FCCB8EE76EA /* Poppins-LightItalic.ttf in Resources */,
				3BC347A1E7814FB99C81F3FA /* Poppins-Medium.ttf in Resources */,
				08AC5CA07BA94ACD875A1F5E /* Poppins-MediumItalic.ttf in Resources */,
				BAAF1BF406A846EA8D426982 /* Poppins-SemiBold.ttf in Resources */,
				13C5230AB07646D9B6343412 /* Poppins-SemiBoldItalic.ttf in Resources */,
				19A47CFBE3E04669B9F7F979 /* Poppins-Thin.ttf in Resources */,
				3A55B5E06D01431DAE3CACFB /* Poppins-ThinItalic.ttf in Resources */,
				455460B7C6414A3DA7B8ED0D /* AntDesign.ttf in Resources */,
				59CEDA5FE982485B9402A9CC /* Entypo.ttf in Resources */,
				B8FEF57353F94054828D8C6E /* EvilIcons.ttf in Resources */,
				BB116B38D65E47AF97E99F57 /* Feather.ttf in Resources */,
				FE5BEC9C3B8241FF9249CD07 /* FontAwesome.ttf in Resources */,
				41862904A0BA41E39AC74C78 /* FontAwesome5_Brands.ttf in Resources */,
				79DE0AB32C8C4473ADB87105 /* FontAwesome5_Regular.ttf in Resources */,
				C9CC494BDADB40F1AEB962F6 /* FontAwesome5_Solid.ttf in Resources */,
				9B73B09FFF98407C96CA6F1A /* Fontisto.ttf in Resources */,
				DC8D3CC6745647A38FB5DBA5 /* Foundation.ttf in Resources */,
				315092256BDA44CAA44C197A /* Ionicons.ttf in Resources */,
				C82E2D1333FB4C8DAF914035 /* MaterialCommunityIcons.ttf in Resources */,
				B2B2EBA29A454B91BFC04428 /* MaterialIcons.ttf in Resources */,
				1E6EA8FAFDC64BB08A87C1E9 /* Octicons.ttf in Resources */,
				B7B24618E9A640BB8CF26C39 /* SimpleLineIcons.ttf in Resources */,
				B4810B19061042E4B8964B14 /* Zocial.ttf in Resources */,
				60ABA56C9E044E1CA07F4C6D /* AntDesign.ttf in Resources */,
				142727B3A2F143259AB752DD /* Entypo.ttf in Resources */,
				7A05B9A90BB549F7A69831A5 /* EvilIcons.ttf in Resources */,
				BFAFED6F6D07409BAB0ECBC6 /* Feather.ttf in Resources */,
				C1AF835188384A13B89C2C22 /* FontAwesome.ttf in Resources */,
				FFD382B99BC747A09A6FBE10 /* FontAwesome5_Brands.ttf in Resources */,
				650F8C295E8848ACBD14BB55 /* FontAwesome5_Regular.ttf in Resources */,
				F3777324A43347A3BA955AC0 /* FontAwesome5_Solid.ttf in Resources */,
				80389CE758A6477F88ED4076 /* Fontisto.ttf in Resources */,
				48FFA9700FEE4C5391A0C8C0 /* Foundation.ttf in Resources */,
				B029D91F9FDD4DD7818F04CA /* Ionicons.ttf in Resources */,
				AF53894BD33947A7BC40EE05 /* MaterialCommunityIcons.ttf in Resources */,
				E3518F828D2E41B7A597A918 /* MaterialIcons.ttf in Resources */,
				61A31AC4A9384CD08E269E52 /* Octicons.ttf in Resources */,
				E1EFCDBCB4424D8DB756B492 /* SimpleLineIcons.ttf in Resources */,
				17DA5302A29F4167B5B4D080 /* Zocial.ttf in Resources */,
			);
			runOnlyForDeploymentPostprocessing = 0;
		};
/* End PBXResourcesBuildPhase section */

/* Begin PBXShellScriptBuildPhase section */
		00DD1BFF1BD5951E006B06BC /* Bundle React Native code and images */ = {
			isa = PBXShellScriptBuildPhase;
			buildActionMask = 2147483647;
			files = (
			);
			inputPaths = (
			);
			name = "Bundle React Native code and images";
			outputPaths = (
			);
			runOnlyForDeploymentPostprocessing = 0;
			shellPath = /bin/sh;
			shellScript = "set -e\n\nexport NODE_BINARY=node\n../node_modules/react-native/scripts/react-native-xcode.sh\n";
		};
		00EEFC60759A1932668264C0 /* [CP] Embed Pods Frameworks */ = {
			isa = PBXShellScriptBuildPhase;
			buildActionMask = 2147483647;
			files = (
			);
			inputFileListPaths = (
				"${PODS_ROOT}/Target Support Files/Pods-GoodNeighbor/Pods-GoodNeighbor-frameworks-${CONFIGURATION}-input-files.xcfilelist",
			);
			name = "[CP] Embed Pods Frameworks";
			outputFileListPaths = (
				"${PODS_ROOT}/Target Support Files/Pods-GoodNeighbor/Pods-GoodNeighbor-frameworks-${CONFIGURATION}-output-files.xcfilelist",
			);
			runOnlyForDeploymentPostprocessing = 0;
			shellPath = /bin/sh;
			shellScript = "\"${PODS_ROOT}/Target Support Files/Pods-GoodNeighbor/Pods-GoodNeighbor-frameworks.sh\"\n";
			showEnvVarsInLog = 0;
		};
		A55EABD7B0C7F3A422A6CC61 /* [CP] Check Pods Manifest.lock */ = {
			isa = PBXShellScriptBuildPhase;
			buildActionMask = 2147483647;
			files = (
			);
			inputFileListPaths = (
			);
			inputPaths = (
				"${PODS_PODFILE_DIR_PATH}/Podfile.lock",
				"${PODS_ROOT}/Manifest.lock",
			);
			name = "[CP] Check Pods Manifest.lock";
			outputFileListPaths = (
			);
			outputPaths = (
				"$(DERIVED_FILE_DIR)/Pods-GoodNeighbor-GoodNeighborTests-checkManifestLockResult.txt",
			);
			runOnlyForDeploymentPostprocessing = 0;
			shellPath = /bin/sh;
			shellScript = "diff \"${PODS_PODFILE_DIR_PATH}/Podfile.lock\" \"${PODS_ROOT}/Manifest.lock\" > /dev/null\nif [ $? != 0 ] ; then\n    # print error to STDERR\n    echo \"error: The sandbox is not in sync with the Podfile.lock. Run 'pod install' or update your CocoaPods installation.\" >&2\n    exit 1\nfi\n# This output is used by Xcode 'outputs' to avoid re-running this script phase.\necho \"SUCCESS\" > \"${SCRIPT_OUTPUT_FILE_0}\"\n";
			showEnvVarsInLog = 0;
		};
		C38B50BA6285516D6DCD4F65 /* [CP] Check Pods Manifest.lock */ = {
			isa = PBXShellScriptBuildPhase;
			buildActionMask = 2147483647;
			files = (
			);
			inputFileListPaths = (
			);
			inputPaths = (
				"${PODS_PODFILE_DIR_PATH}/Podfile.lock",
				"${PODS_ROOT}/Manifest.lock",
			);
			name = "[CP] Check Pods Manifest.lock";
			outputFileListPaths = (
			);
			outputPaths = (
				"$(DERIVED_FILE_DIR)/Pods-GoodNeighbor-checkManifestLockResult.txt",
			);
			runOnlyForDeploymentPostprocessing = 0;
			shellPath = /bin/sh;
			shellScript = "diff \"${PODS_PODFILE_DIR_PATH}/Podfile.lock\" \"${PODS_ROOT}/Manifest.lock\" > /dev/null\nif [ $? != 0 ] ; then\n    # print error to STDERR\n    echo \"error: The sandbox is not in sync with the Podfile.lock. Run 'pod install' or update your CocoaPods installation.\" >&2\n    exit 1\nfi\n# This output is used by Xcode 'outputs' to avoid re-running this script phase.\necho \"SUCCESS\" > \"${SCRIPT_OUTPUT_FILE_0}\"\n";
			showEnvVarsInLog = 0;
		};
		C59DA0FBD6956966B86A3779 /* [CP] Embed Pods Frameworks */ = {
			isa = PBXShellScriptBuildPhase;
			buildActionMask = 2147483647;
			files = (
			);
			inputFileListPaths = (
				"${PODS_ROOT}/Target Support Files/Pods-GoodNeighbor-GoodNeighborTests/Pods-GoodNeighbor-GoodNeighborTests-frameworks-${CONFIGURATION}-input-files.xcfilelist",
			);
			name = "[CP] Embed Pods Frameworks";
			outputFileListPaths = (
				"${PODS_ROOT}/Target Support Files/Pods-GoodNeighbor-GoodNeighborTests/Pods-GoodNeighbor-GoodNeighborTests-frameworks-${CONFIGURATION}-output-files.xcfilelist",
			);
			runOnlyForDeploymentPostprocessing = 0;
			shellPath = /bin/sh;
			shellScript = "\"${PODS_ROOT}/Target Support Files/Pods-GoodNeighbor-GoodNeighborTests/Pods-GoodNeighbor-GoodNeighborTests-frameworks.sh\"\n";
			showEnvVarsInLog = 0;
		};
		E235C05ADACE081382539298 /* [CP] Copy Pods Resources */ = {
			isa = PBXShellScriptBuildPhase;
			buildActionMask = 2147483647;
			files = (
			);
			inputFileListPaths = (
				"${PODS_ROOT}/Target Support Files/Pods-GoodNeighbor/Pods-GoodNeighbor-resources-${CONFIGURATION}-input-files.xcfilelist",
			);
			name = "[CP] Copy Pods Resources";
			outputFileListPaths = (
				"${PODS_ROOT}/Target Support Files/Pods-GoodNeighbor/Pods-GoodNeighbor-resources-${CONFIGURATION}-output-files.xcfilelist",
			);
			runOnlyForDeploymentPostprocessing = 0;
			shellPath = /bin/sh;
			shellScript = "\"${PODS_ROOT}/Target Support Files/Pods-GoodNeighbor/Pods-GoodNeighbor-resources.sh\"\n";
			showEnvVarsInLog = 0;
		};
		F6A41C54EA430FDDC6A6ED99 /* [CP] Copy Pods Resources */ = {
			isa = PBXShellScriptBuildPhase;
			buildActionMask = 2147483647;
			files = (
			);
			inputFileListPaths = (
				"${PODS_ROOT}/Target Support Files/Pods-GoodNeighbor-GoodNeighborTests/Pods-GoodNeighbor-GoodNeighborTests-resources-${CONFIGURATION}-input-files.xcfilelist",
			);
			name = "[CP] Copy Pods Resources";
			outputFileListPaths = (
				"${PODS_ROOT}/Target Support Files/Pods-GoodNeighbor-GoodNeighborTests/Pods-GoodNeighbor-GoodNeighborTests-resources-${CONFIGURATION}-output-files.xcfilelist",
			);
			runOnlyForDeploymentPostprocessing = 0;
			shellPath = /bin/sh;
			shellScript = "\"${PODS_ROOT}/Target Support Files/Pods-GoodNeighbor-GoodNeighborTests/Pods-GoodNeighbor-GoodNeighborTests-resources.sh\"\n";
			showEnvVarsInLog = 0;
		};
		FD10A7F022414F080027D42C /* Start Packager */ = {
			isa = PBXShellScriptBuildPhase;
			buildActionMask = 2147483647;
			files = (
			);
			inputFileListPaths = (
			);
			inputPaths = (
			);
			name = "Start Packager";
			outputFileListPaths = (
			);
			outputPaths = (
			);
			runOnlyForDeploymentPostprocessing = 0;
			shellPath = /bin/sh;
			shellScript = "export RCT_METRO_PORT=\"${RCT_METRO_PORT:=8081}\"\necho \"export RCT_METRO_PORT=${RCT_METRO_PORT}\" > \"${SRCROOT}/../node_modules/react-native/scripts/.packager.env\"\nif [ -z \"${RCT_NO_LAUNCH_PACKAGER+xxx}\" ] ; then\n  if nc -w 5 -z localhost ${RCT_METRO_PORT} ; then\n    if ! curl -s \"http://localhost:${RCT_METRO_PORT}/status\" | grep -q \"packager-status:running\" ; then\n      echo \"Port ${RCT_METRO_PORT} already in use, packager is either not running or not running correctly\"\n      exit 2\n    fi\n  else\n    open \"$SRCROOT/../node_modules/react-native/scripts/launchPackager.command\" || echo \"Can't start packager automatically\"\n  fi\nfi\n";
			showEnvVarsInLog = 0;
		};
/* End PBXShellScriptBuildPhase section */

/* Begin PBXSourcesBuildPhase section */
		00E356EA1AD99517003FC87E /* Sources */ = {
			isa = PBXSourcesBuildPhase;
			buildActionMask = 2147483647;
			files = (
				00E356F31AD99517003FC87E /* GoodNeighborTests.m in Sources */,
			);
			runOnlyForDeploymentPostprocessing = 0;
		};
		13B07F871A680F5B00A75B9A /* Sources */ = {
			isa = PBXSourcesBuildPhase;
			buildActionMask = 2147483647;
			files = (
				13B07FBC1A68108700A75B9A /* AppDelegate.mm in Sources */,
				13B07FC11A68108700A75B9A /* main.m in Sources */,
			);
			runOnlyForDeploymentPostprocessing = 0;
		};
/* End PBXSourcesBuildPhase section */

/* Begin PBXTargetDependency section */
		00E356F51AD99517003FC87E /* PBXTargetDependency */ = {
			isa = PBXTargetDependency;
			target = 13B07F861A680F5B00A75B9A /* GoodNeighbor */;
			targetProxy = 00E356F41AD99517003FC87E /* PBXContainerItemProxy */;
		};
/* End PBXTargetDependency section */

/* Begin XCBuildConfiguration section */
		00E356F61AD99517003FC87E /* Debug */ = {
			isa = XCBuildConfiguration;
			baseConfigurationReference = 5B7EB9410499542E8C5724F5 /* Pods-GoodNeighbor-GoodNeighborTests.debug.xcconfig */;
			buildSettings = {
				BUNDLE_LOADER = "$(TEST_HOST)";
				GCC_PREPROCESSOR_DEFINITIONS = (
					"DEBUG=1",
					"$(inherited)",
				);
				INFOPLIST_FILE = GoodNeighborTests/Info.plist;
				IPHONEOS_DEPLOYMENT_TARGET = 11.0;
				LD_RUNPATH_SEARCH_PATHS = (
					"$(inherited)",
					"@executable_path/Frameworks",
					"@loader_path/Frameworks",
				);
				OTHER_LDFLAGS = (
					"-ObjC",
					"-lc++",
					"$(inherited)",
				);
				PRODUCT_BUNDLE_IDENTIFIER = "org.reactjs.native.example.$(PRODUCT_NAME:rfc1034identifier)";
				PRODUCT_NAME = "$(TARGET_NAME)";
				TEST_HOST = "$(BUILT_PRODUCTS_DIR)/GoodNeighbor.app/GoodNeighbor";
			};
			name = Debug;
		};
		00E356F71AD99517003FC87E /* Release */ = {
			isa = XCBuildConfiguration;
			baseConfigurationReference = 89C6BE57DB24E9ADA2F236DE /* Pods-GoodNeighbor-GoodNeighborTests.release.xcconfig */;
			buildSettings = {
				BUNDLE_LOADER = "$(TEST_HOST)";
				COPY_PHASE_STRIP = NO;
				INFOPLIST_FILE = GoodNeighborTests/Info.plist;
				IPHONEOS_DEPLOYMENT_TARGET = 11.0;
				LD_RUNPATH_SEARCH_PATHS = (
					"$(inherited)",
					"@executable_path/Frameworks",
					"@loader_path/Frameworks",
				);
				OTHER_LDFLAGS = (
					"-ObjC",
					"-lc++",
					"$(inherited)",
				);
				PRODUCT_BUNDLE_IDENTIFIER = "org.reactjs.native.example.$(PRODUCT_NAME:rfc1034identifier)";
				PRODUCT_NAME = "$(TARGET_NAME)";
				TEST_HOST = "$(BUILT_PRODUCTS_DIR)/GoodNeighbor.app/GoodNeighbor";
			};
			name = Release;
		};
		13B07F941A680F5B00A75B9A /* Debug */ = {
			isa = XCBuildConfiguration;
			baseConfigurationReference = 3B4392A12AC88292D35C810B /* Pods-GoodNeighbor.debug.xcconfig */;
			buildSettings = {
				ASSETCATALOG_COMPILER_APPICON_NAME = AppIcon;
				CLANG_ENABLE_MODULES = YES;
				CURRENT_PROJECT_VERSION = 1;
				ENABLE_BITCODE = NO;
				INFOPLIST_FILE = GoodNeighbor/Info.plist;
				LD_RUNPATH_SEARCH_PATHS = (
					"$(inherited)",
					"@executable_path/Frameworks",
				);
				OTHER_LDFLAGS = (
					"$(inherited)",
					"-ObjC",
					"-lc++",
				);
				PRODUCT_BUNDLE_IDENTIFIER = "org.reactjs.native.example.$(PRODUCT_NAME:rfc1034identifier)";
				PRODUCT_NAME = GoodNeighbor;
				SWIFT_OPTIMIZATION_LEVEL = "-Onone";
				SWIFT_VERSION = 5.0;
				VERSIONING_SYSTEM = "apple-generic";
			};
			name = Debug;
		};
		13B07F951A680F5B00A75B9A /* Release */ = {
			isa = XCBuildConfiguration;
			baseConfigurationReference = 5709B34CF0A7D63546082F79 /* Pods-GoodNeighbor.release.xcconfig */;
			buildSettings = {
				ASSETCATALOG_COMPILER_APPICON_NAME = AppIcon;
				CLANG_ENABLE_MODULES = YES;
				CURRENT_PROJECT_VERSION = 1;
				INFOPLIST_FILE = GoodNeighbor/Info.plist;
				LD_RUNPATH_SEARCH_PATHS = (
					"$(inherited)",
					"@executable_path/Frameworks",
				);
				OTHER_LDFLAGS = (
					"$(inherited)",
					"-ObjC",
					"-lc++",
				);
				PRODUCT_BUNDLE_IDENTIFIER = "org.reactjs.native.example.$(PRODUCT_NAME:rfc1034identifier)";
				PRODUCT_NAME = GoodNeighbor;
				SWIFT_VERSION = 5.0;
				VERSIONING_SYSTEM = "apple-generic";
			};
			name = Release;
		};
		83CBBA201A601CBA00E9B192 /* Debug */ = {
			isa = XCBuildConfiguration;
			buildSettings = {
				ALWAYS_SEARCH_USER_PATHS = NO;
				CLANG_ANALYZER_LOCALIZABILITY_NONLOCALIZED = YES;
				CLANG_CXX_LANGUAGE_STANDARD = "c++17";
				CLANG_CXX_LIBRARY = "libc++";
				CLANG_ENABLE_MODULES = YES;
				CLANG_ENABLE_OBJC_ARC = YES;
				CLANG_WARN_BLOCK_CAPTURE_AUTORELEASING = YES;
				CLANG_WARN_BOOL_CONVERSION = YES;
				CLANG_WARN_COMMA = YES;
				CLANG_WARN_CONSTANT_CONVERSION = YES;
				CLANG_WARN_DEPRECATED_OBJC_IMPLEMENTATIONS = YES;
				CLANG_WARN_DIRECT_OBJC_ISA_USAGE = YES_ERROR;
				CLANG_WARN_EMPTY_BODY = YES;
				CLANG_WARN_ENUM_CONVERSION = YES;
				CLANG_WARN_INFINITE_RECURSION = YES;
				CLANG_WARN_INT_CONVERSION = YES;
				CLANG_WARN_NON_LITERAL_NULL_CONVERSION = YES;
				CLANG_WARN_OBJC_IMPLICIT_RETAIN_SELF = YES;
				CLANG_WARN_OBJC_LITERAL_CONVERSION = YES;
				CLANG_WARN_OBJC_ROOT_CLASS = YES_ERROR;
				CLANG_WARN_QUOTED_INCLUDE_IN_FRAMEWORK_HEADER = YES;
				CLANG_WARN_RANGE_LOOP_ANALYSIS = YES;
				CLANG_WARN_STRICT_PROTOTYPES = YES;
				CLANG_WARN_SUSPICIOUS_MOVE = YES;
				CLANG_WARN_UNREACHABLE_CODE = YES;
				CLANG_WARN__DUPLICATE_METHOD_MATCH = YES;
				"CODE_SIGN_IDENTITY[sdk=iphoneos*]" = "iPhone Developer";
				COPY_PHASE_STRIP = NO;
				ENABLE_STRICT_OBJC_MSGSEND = YES;
				ENABLE_TESTABILITY = YES;
				"EXCLUDED_ARCHS[sdk=iphonesimulator*]" = "";
				GCC_C_LANGUAGE_STANDARD = gnu99;
				GCC_DYNAMIC_NO_PIC = NO;
				GCC_NO_COMMON_BLOCKS = YES;
				GCC_OPTIMIZATION_LEVEL = 0;
				GCC_PREPROCESSOR_DEFINITIONS = (
					"DEBUG=1",
					"$(inherited)",
				);
				GCC_SYMBOLS_PRIVATE_EXTERN = NO;
				GCC_WARN_64_TO_32_BIT_CONVERSION = YES;
				GCC_WARN_ABOUT_RETURN_TYPE = YES_ERROR;
				GCC_WARN_UNDECLARED_SELECTOR = YES;
				GCC_WARN_UNINITIALIZED_AUTOS = YES_AGGRESSIVE;
				GCC_WARN_UNUSED_FUNCTION = YES;
				GCC_WARN_UNUSED_VARIABLE = YES;
				IPHONEOS_DEPLOYMENT_TARGET = 11.0;
				LD_RUNPATH_SEARCH_PATHS = (
					/usr/lib/swift,
					"$(inherited)",
				);
				LIBRARY_SEARCH_PATHS = (
					"\"$(SDKROOT)/usr/lib/swift\"",
					"\"$(TOOLCHAIN_DIR)/usr/lib/swift/$(PLATFORM_NAME)\"",
					"\"$(inherited)\"",
				);
				MTL_ENABLE_DEBUG_INFO = YES;
				ONLY_ACTIVE_ARCH = YES;
				OTHER_CPLUSPLUSFLAGS = (
					"$(OTHER_CFLAGS)",
					"-DFOLLY_NO_CONFIG",
					"-DFOLLY_MOBILE=1",
					"-DFOLLY_USE_LIBCPP=1",
				);
				SDKROOT = iphoneos;
			};
			name = Debug;
		};
		83CBBA211A601CBA00E9B192 /* Release */ = {
			isa = XCBuildConfiguration;
			buildSettings = {
				ALWAYS_SEARCH_USER_PATHS = NO;
				CLANG_ANALYZER_LOCALIZABILITY_NONLOCALIZED = YES;
				CLANG_CXX_LANGUAGE_STANDARD = "c++17";
				CLANG_CXX_LIBRARY = "libc++";
				CLANG_ENABLE_MODULES = YES;
				CLANG_ENABLE_OBJC_ARC = YES;
				CLANG_WARN_BLOCK_CAPTURE_AUTORELEASING = YES;
				CLANG_WARN_BOOL_CONVERSION = YES;
				CLANG_WARN_COMMA = YES;
				CLANG_WARN_CONSTANT_CONVERSION = YES;
				CLANG_WARN_DEPRECATED_OBJC_IMPLEMENTATIONS = YES;
				CLANG_WARN_DIRECT_OBJC_ISA_USAGE = YES_ERROR;
				CLANG_WARN_EMPTY_BODY = YES;
				CLANG_WARN_ENUM_CONVERSION = YES;
				CLANG_WARN_INFINITE_RECURSION = YES;
				CLANG_WARN_INT_CONVERSION = YES;
				CLANG_WARN_NON_LITERAL_NULL_CONVERSION = YES;
				CLANG_WARN_OBJC_IMPLICIT_RETAIN_SELF = YES;
				CLANG_WARN_OBJC_LITERAL_CONVERSION = YES;
				CLANG_WARN_OBJC_ROOT_CLASS = YES_ERROR;
				CLANG_WARN_QUOTED_INCLUDE_IN_FRAMEWORK_HEADER = YES;
				CLANG_WARN_RANGE_LOOP_ANALYSIS = YES;
				CLANG_WARN_STRICT_PROTOTYPES = YES;
				CLANG_WARN_SUSPICIOUS_MOVE = YES;
				CLANG_WARN_UNREACHABLE_CODE = YES;
				CLANG_WARN__DUPLICATE_METHOD_MATCH = YES;
				"CODE_SIGN_IDENTITY[sdk=iphoneos*]" = "iPhone Developer";
				COPY_PHASE_STRIP = YES;
				ENABLE_NS_ASSERTIONS = NO;
				ENABLE_STRICT_OBJC_MSGSEND = YES;
				"EXCLUDED_ARCHS[sdk=iphonesimulator*]" = "";
				GCC_C_LANGUAGE_STANDARD = gnu99;
				GCC_NO_COMMON_BLOCKS = YES;
				GCC_WARN_64_TO_32_BIT_CONVERSION = YES;
				GCC_WARN_ABOUT_RETURN_TYPE = YES_ERROR;
				GCC_WARN_UNDECLARED_SELECTOR = YES;
				GCC_WARN_UNINITIALIZED_AUTOS = YES_AGGRESSIVE;
				GCC_WARN_UNUSED_FUNCTION = YES;
				GCC_WARN_UNUSED_VARIABLE = YES;
				IPHONEOS_DEPLOYMENT_TARGET = 11.0;
				LD_RUNPATH_SEARCH_PATHS = (
					/usr/lib/swift,
					"$(inherited)",
				);
				LIBRARY_SEARCH_PATHS = (
					"\"$(SDKROOT)/usr/lib/swift\"",
					"\"$(TOOLCHAIN_DIR)/usr/lib/swift/$(PLATFORM_NAME)\"",
					"\"$(inherited)\"",
				);
				MTL_ENABLE_DEBUG_INFO = NO;
				OTHER_CPLUSPLUSFLAGS = (
					"$(OTHER_CFLAGS)",
					"-DFOLLY_NO_CONFIG",
					"-DFOLLY_MOBILE=1",
					"-DFOLLY_USE_LIBCPP=1",
				);
				SDKROOT = iphoneos;
				VALIDATE_PRODUCT = YES;
			};
			name = Release;
		};
/* End XCBuildConfiguration section */

/* Begin XCConfigurationList section */
		00E357021AD99517003FC87E /* Build configuration list for PBXNativeTarget "GoodNeighborTests" */ = {
			isa = XCConfigurationList;
			buildConfigurations = (
				00E356F61AD99517003FC87E /* Debug */,
				00E356F71AD99517003FC87E /* Release */,
			);
			defaultConfigurationIsVisible = 0;
			defaultConfigurationName = Release;
		};
		13B07F931A680F5B00A75B9A /* Build configuration list for PBXNativeTarget "GoodNeighbor" */ = {
			isa = XCConfigurationList;
			buildConfigurations = (
				13B07F941A680F5B00A75B9A /* Debug */,
				13B07F951A680F5B00A75B9A /* Release */,
			);
			defaultConfigurationIsVisible = 0;
			defaultConfigurationName = Release;
		};
		83CBB9FA1A601CBA00E9B192 /* Build configuration list for PBXProject "GoodNeighbor" */ = {
			isa = XCConfigurationList;
			buildConfigurations = (
				83CBBA201A601CBA00E9B192 /* Debug */,
				83CBBA211A601CBA00E9B192 /* Release */,
			);
			defaultConfigurationIsVisible = 0;
			defaultConfigurationName = Release;
		};
/* End XCConfigurationList section */
	};
	rootObject = 83CBB9F71A601CBA00E9B192 /* Project object */;
}
